
Microsoft Visual Studio Solution File, Format Version 12.00
# Visual Studio Version 17
VisualStudioVersion = 17.0.32112.339
MinimumVisualStudioVersion = 10.0.40219.1
Project("{FAE04EC0-301F-11D3-BF4B-00C04F79EFBC}") = "DailyChallengesCSharp", "DailyChallengesCSharp\DailyChallengesCSharp.csproj", "{420B6B10-E94E-4B83-8B8E-2C791C89E0FF}"
EndProject
Global
	GlobalSection(SolutionConfigurationPlatforms) = preSolution
		Debug|Any CPU = Debug|Any CPU
		Release|Any CPU = Release|Any CPU
	EndGlobalSection
	GlobalSection(ProjectConfigurationPlatforms) = postSolution
		{420B6B10-E94E-4B83-8B8E-2C791C89E0FF}.Debug|Any CPU.ActiveCfg = Debug|Any CPU
		{420B6B10-E94E-4B83-8B8E-2C791C89E0FF}.Debug|Any CPU.Build.0 = Debug|Any CPU
		{420B6B10-E94E-4B83-8B8E-2C791C89E0FF}.Release|Any CPU.ActiveCfg = Release|Any CPU
		{420B6B10-E94E-4B83-8B8E-2C791C89E0FF}.Release|Any CPU.Build.0 = Release|Any CPU
	EndGlobalSection
	GlobalSection(SolutionProperties) = preSolution
		HideSolutionNode = FALSE
	EndGlobalSection
	GlobalSection(ExtensibilityGlobals) = postSolution
		SolutionGuid = {97AA8C5C-24F3-439C-9F66-2567B595FE6C}
	EndGlobalSection
EndGlobal
